{
  "version": 4,
  "terraform_version": "0.12.6",
  "serial": 65,
  "lineage": "542724fa-2886-83dc-9043-ad3645bca535",
  "outputs": {},
  "resources": [
    {
      "mode": "managed",
      "type": "aws_iam_role",
      "name": "info7374_try",
      "provider": "provider.aws",
      "instances": []
    },
    {
      "mode": "managed",
      "type": "aws_instance",
      "name": "project-instance",
      "provider": "provider.aws",
      "instances": []
    },
    {
      "mode": "managed",
      "type": "aws_redshift_cluster",
      "name": "default",
      "provider": "provider.aws",
      "instances": [
        {
          "schema_version": 0,
          "attributes": {
            "allow_version_upgrade": true,
            "arn": "arn:aws:redshift:eu-west-1:730681287143:cluster:info7374clusteralycefinalproject-terraform",
            "automated_snapshot_retention_period": 1,
            "availability_zone": "eu-west-1a",
            "bucket_name": null,
            "cluster_identifier": "info7374clusteralycefinalproject-terraform",
            "cluster_parameter_group_name": "default.redshift-1.0",
            "cluster_public_key": "ssh-rsa AAAAB3NzaC1yc2EAAAADAQABAAABAQCgt+tQZaI8tvzypViEbRXqTQTZhGhLA24AiJZS3MEQw5KpA+rJjvHdpS17LUiFFXH0KrRPFT4XMWD/evBcKJtQVpZJ7ntL5HqLDeW6uQaLetYipHWG1xOR+h+jM/8JcYOPHm9mhyaT7MZlBYmzJsSZCMfkjORiKfEDOAUoMwa2tyi5wZIohfgq6k6fLP/nVjVkx4RXnQZxdN5wI4jQILj/HecOSv/ySqGoY3mS6Jrpug1g5qeZL2LH8wWRoskzTM6b+U4XEoto5C9SuKIc2NKzBrX8LSpfWDy12TL7v5EBS0IKNIFutlr2UzhUUZz57iaW5boGKY/duweQFEkQ/inv Amazon-Redshift\n",
            "cluster_revision_number": "9041",
            "cluster_security_groups": [],
            "cluster_subnet_group_name": "default",
            "cluster_type": "single-node",
            "cluster_version": "1.0",
            "database_name": "mydb",
            "dns_name": "info7374clusteralycefinalproject-terraform.cnh2a3iaiue0.eu-west-1.redshift.amazonaws.com",
            "elastic_ip": null,
            "enable_logging": null,
            "encrypted": false,
            "endpoint": "info7374clusteralycefinalproject-terraform.cnh2a3iaiue0.eu-west-1.redshift.amazonaws.com:5439",
            "enhanced_vpc_routing": false,
            "final_snapshot_identifier": null,
            "iam_roles": [],
            "id": "info7374clusteralycefinalproject-terraform",
            "kms_key_id": "",
            "logging": [
              {
                "bucket_name": "",
                "enable": false,
                "s3_key_prefix": ""
              }
            ],
            "master_password": "Mustbe8characters",
            "master_username": "foo",
            "node_type": "dc1.large",
            "number_of_nodes": 1,
            "owner_account": null,
            "port": 5439,
            "preferred_maintenance_window": "sun:04:00-sun:04:30",
            "publicly_accessible": true,
            "s3_key_prefix": null,
            "skip_final_snapshot": false,
            "snapshot_cluster_identifier": null,
            "snapshot_copy": [],
            "snapshot_identifier": null,
            "tags": {},
            "timeouts": null,
            "vpc_security_group_ids": [
              "sg-d430cca3"
            ]
          }
        }
      ]
    },
    {
      "mode": "managed",
      "type": "aws_s3_bucket",
      "name": "log_bucket_info7374",
      "provider": "provider.aws",
      "instances": [
        {
          "schema_version": 0,
          "attributes": {
            "acceleration_status": "",
            "acl": "log-delivery-write",
            "arn": "arn:aws:s3:::log-bucket-info7374",
            "bucket": "log-bucket-info7374",
            "bucket_domain_name": "log-bucket-info7374.s3.amazonaws.com",
            "bucket_prefix": null,
            "bucket_regional_domain_name": "log-bucket-info7374.s3.eu-west-1.amazonaws.com",
            "cors_rule": [],
            "force_destroy": false,
            "hosted_zone_id": "Z1BKCTXD74EZPE",
            "id": "log-bucket-info7374",
            "lifecycle_rule": [],
            "logging": [],
            "object_lock_configuration": [],
            "policy": null,
            "region": "eu-west-1",
            "replication_configuration": [],
            "request_payer": "BucketOwner",
            "server_side_encryption_configuration": [],
            "tags": {},
            "versioning": [
              {
                "enabled": false,
                "mfa_delete": false
              }
            ],
            "website": [],
            "website_domain": null,
            "website_endpoint": null
          }
        }
      ]
    }
  ]
}
